// !$*UTF8*$!
{
	archiveVersion = 1;
	classes = {
	};
	objectVersion = 56;
	objects = {

/* Begin PBXBuildFile section */
		97041C412F5EA422004129F7 /* SwiftMovieBrowserApp.swift in Sources */ = {isa = PBXBuildFile; fileRef = 97041C402F5EA422004129F7 /* SwiftMovieBrowserApp.swift */; };
		97041C432F5EA422004129F7 /* ContentView.swift in Sources */ = {isa = PBXBuildFile; fileRef = 97041C422F5EA422004129F7 /* ContentView.swift */; };
		97041C452F5EA424004129F7 /* Assets.xcassets in Resources */ = {isa = PBXBuildFile; fileRef = 97041C442F5EA424004129F7 /* Assets.xcassets */; };
		97041C482F5EA424004129F7 /* Preview Assets.xcassets in Resources */ = {isa = PBXBuildFile; fileRef = 97041C472F5EA424004129F7 /* Preview Assets.xcassets */; };
		97041C522F5EA424004129F7 /* SwiftMovieBrowserTests.swift in Sources */ = {isa = PBXBuildFile; fileRef = 97041C512F5EA424004129F7 /* SwiftMovieBrowserTests.swift */; };
		97041C5C2F5EA424004129F7 /* SwiftMovieBrowserUITests.swift in Sources */ = {isa = PBXBuildFile; fileRef = 97041C5B2F5EA424004129F7 /* SwiftMovieBrowserUITests.swift */; };
		97041C5E2F5EA424004129F7 /* SwiftMovieBrowserUITestsLaunchTests.swift in Sources */ = {isa = PBXBuildFile; fileRef = 97041C5D2F5EA424004129F7 /* SwiftMovieBrowserUITestsLaunchTests.swift */; };
		976319F62F60021900BB7CF2 /* ViewModel.swift in Sources */ = {isa = PBXBuildFile; fileRef = 976319F52F60021800BB7CF2 /* ViewModel.swift */; };
		977EE5CA2F5EAD7400EF4596 /* Constants.swift in Sources */ = {isa = PBXBuildFile; fileRef = 977EE5C92F5EAD7400EF4596 /* Constants.swift */; };
		977EE5CC2F5EAE7700EF4596 /* HomeView.swift in Sources */ = {isa = PBXBuildFile; fileRef = 977EE5CB2F5EAE7700EF4596 /* HomeView.swift */; };
		977EE5CE2F5EB4B400EF4596 /* HorizontalListView.swift in Sources */ = {isa = PBXBuildFile; fileRef = 977EE5CD2F5EB4B400EF4596 /* HorizontalListView.swift */; };
		97DAE87C2F5FF4180027D9C3 /* Title.swift in Sources */ = {isa = PBXBuildFile; fileRef = 97DAE87B2F5FF4180027D9C3 /* Title.swift */; };
		97DAE87E2F5FF6660027D9C3 /* APIConfig.json in Resources */ = {isa = PBXBuildFile; fileRef = 97DAE87D2F5FF6660027D9C3 /* APIConfig.json */; };
		97DAE8802F5FF6E50027D9C3 /* APIConfig.swift in Sources */ = {isa = PBXBuildFile; fileRef = 97DAE87F2F5FF6E50027D9C3 /* APIConfig.swift */; };
		97DAE8822F5FFA140027D9C3 /* Errors.swift in Sources */ = {isa = PBXBuildFile; fileRef = 97DAE8812F5FFA140027D9C3 /* Errors.swift */; };
		97DAE8842F5FFE890027D9C3 /* DataFetcher.swift in Sources */ = {isa = PBXBuildFile; fileRef = 97DAE8832F5FFE890027D9C3 /* DataFetcher.swift */; };
/* End PBXBuildFile section */

/* Begin PBXContainerItemProxy section */
		97041C4E2F5EA424004129F7 /* PBXContainerItemProxy */ = {
			isa = PBXContainerItemProxy;
			containerPortal = 97041C352F5EA422004129F7 /* Project object */;
			proxyType = 1;
			remoteGlobalIDString = 97041C3C2F5EA422004129F7;
			remoteInfo = SwiftMovieBrowser;
		};
		97041C582F5EA424004129F7 /* PBXContainerItemProxy */ = {
			isa = PBXContainerItemProxy;
			containerPortal = 97041C352F5EA422004129F7 /* Project object */;
			proxyType = 1;
			remoteGlobalIDString = 97041C3C2F5EA422004129F7;
			remoteInfo = SwiftMovieBrowser;
		};
/* End PBXContainerItemProxy section */

/* Begin PBXFileReference section */
		97041C3D2F5EA422004129F7 /* SwiftMovieBrowser.app */ = {isa = PBXFileReference; explicitFileType = wrapper.application; includeInIndex = 0; path = SwiftMovieBrowser.app; sourceTree = BUILT_PRODUCTS_DIR; };
		97041C402F5EA422004129F7 /* SwiftMovieBrowserApp.swift */ = {isa = PBXFileReference; lastKnownFileType = sourcecode.swift; path = SwiftMovieBrowserApp.swift; sourceTree = "<group>"; };
		97041C422F5EA422004129F7 /* ContentView.swift */ = {isa = PBXFileReference; lastKnownFileType = sourcecode.swift; path = ContentView.swift; sourceTree = "<group>"; };
		97041C442F5EA424004129F7 /* Assets.xcassets */ = {isa = PBXFileReference; lastKnownFileType = folder.assetcatalog; path = Assets.xcassets; sourceTree = "<group>"; };
		97041C472F5EA424004129F7 /* Preview Assets.xcassets */ = {isa = PBXFileReference; lastKnownFileType = folder.assetcatalog; path = "Preview Assets.xcassets"; sourceTree = "<group>"; };
		97041C4D2F5EA424004129F7 /* SwiftMovieBrowserTests.xctest */ = {isa = PBXFileReference; explicitFileType = wrapper.cfbundle; includeInIndex = 0; path = SwiftMovieBrowserTests.xctest; sourceTree = BUILT_PRODUCTS_DIR; };
		97041C512F5EA424004129F7 /* SwiftMovieBrowserTests.swift */ = {isa = PBXFileReference; lastKnownFileType = sourcecode.swift; path = SwiftMovieBrowserTests.swift; sourceTree = "<group>"; };
		97041C572F5EA424004129F7 /* SwiftMovieBrowserUITests.xctest */ = {isa = PBXFileReference; explicitFileType = wrapper.cfbundle; includeInIndex = 0; path = SwiftMovieBrowserUITests.xctest; sourceTree = BUILT_PRODUCTS_DIR; };
		97041C5B2F5EA424004129F7 /* SwiftMovieBrowserUITests.swift */ = {isa = PBXFileReference; lastKnownFileType = sourcecode.swift; path = SwiftMovieBrowserUITests.swift; sourceTree = "<group>"; };
		97041C5D2F5EA424004129F7 /* SwiftMovieBrowserUITestsLaunchTests.swift */ = {isa = PBXFileReference; lastKnownFileType = sourcecode.swift; path = SwiftMovieBrowserUITestsLaunchTests.swift; sourceTree = "<group>"; };
		976319F52F60021800BB7CF2 /* ViewModel.swift */ = {isa = PBXFileReference; lastKnownFileType = sourcecode.swift; path = ViewModel.swift; sourceTree = "<group>"; };
		977EE5C92F5EAD7400EF4596 /* Constants.swift */ = {isa = PBXFileReference; lastKnownFileType = sourcecode.swift; path = Constants.swift; sourceTree = "<group>"; };
		977EE5CB2F5EAE7700EF4596 /* HomeView.swift */ = {isa = PBXFileReference; lastKnownFileType = sourcecode.swift; path = HomeView.swift; sourceTree = "<group>"; };
		977EE5CD2F5EB4B400EF4596 /* HorizontalListView.swift */ = {isa = PBXFileReference; lastKnownFileType = sourcecode.swift; path = HorizontalListView.swift; sourceTree = "<group>"; };
		97DAE87B2F5FF4180027D9C3 /* Title.swift */ = {isa = PBXFileReference; lastKnownFileType = sourcecode.swift; path = Title.swift; sourceTree = "<group>"; };
		97DAE87D2F5FF6660027D9C3 /* APIConfig.json */ = {isa = PBXFileReference; lastKnownFileType = text.json; path = APIConfig.json; sourceTree = "<group>"; };
		97DAE87F2F5FF6E50027D9C3 /* APIConfig.swift */ = {isa = PBXFileReference; lastKnownFileType = sourcecode.swift; path = APIConfig.swift; sourceTree = "<group>"; };
		97DAE8812F5FFA140027D9C3 /* Errors.swift */ = {isa = PBXFileReference; lastKnownFileType = sourcecode.swift; path = Errors.swift; sourceTree = "<group>"; };
		97DAE8832F5FFE890027D9C3 /* DataFetcher.swift */ = {isa = PBXFileReference; lastKnownFileType = sourcecode.swift; path = DataFetcher.swift; sourceTree = "<group>"; };
/* End PBXFileReference section */

/* Begin PBXFrameworksBuildPhase section */
		97041C3A2F5EA422004129F7 /* Frameworks */ = {
			isa = PBXFrameworksBuildPhase;
			buildActionMask = 2147483647;
			files = (
			);
			runOnlyForDeploymentPostprocessing = 0;
		};
		97041C4A2F5EA424004129F7 /* Frameworks */ = {
			isa = PBXFrameworksBuildPhase;
			buildActionMask = 2147483647;
			files = (
			);
			runOnlyForDeploymentPostprocessing = 0;
		};
		97041C542F5EA424004129F7 /* Frameworks */ = {
			isa = PBXFrameworksBuildPhase;
			buildActionMask = 2147483647;
			files = (
			);
			runOnlyForDeploymentPostprocessing = 0;
		};
/* End PBXFrameworksBuildPhase section */

/* Begin PBXGroup section */
		97041C342F5EA422004129F7 = {
			isa = PBXGroup;
			children = (
				97041C3F2F5EA422004129F7 /* SwiftMovieBrowser */,
				97041C502F5EA424004129F7 /* SwiftMovieBrowserTests */,
				97041C5A2F5EA424004129F7 /* SwiftMovieBrowserUITests */,
				97041C3E2F5EA422004129F7 /* Products */,
			);
			sourceTree = "<group>";
		};
		97041C3E2F5EA422004129F7 /* Products */ = {
			isa = PBXGroup;
			children = (
				97041C3D2F5EA422004129F7 /* SwiftMovieBrowser.app */,
				97041C4D2F5EA424004129F7 /* SwiftMovieBrowserTests.xctest */,
				97041C572F5EA424004129F7 /* SwiftMovieBrowserUITests.xctest */,
			);
			name = Products;
			sourceTree = "<group>";
		};
		97041C3F2F5EA422004129F7 /* SwiftMovieBrowser */ = {
			isa = PBXGroup;
			children = (
				97DAE8812F5FFA140027D9C3 /* Errors.swift */,
				97DAE8832F5FFE890027D9C3 /* DataFetcher.swift */,
				97041C402F5EA422004129F7 /* SwiftMovieBrowserApp.swift */,
				97041C422F5EA422004129F7 /* ContentView.swift */,
				97DAE87B2F5FF4180027D9C3 /* Title.swift */,
				97DAE87D2F5FF6660027D9C3 /* APIConfig.json */,
				97DAE87F2F5FF6E50027D9C3 /* APIConfig.swift */,
				977EE5CB2F5EAE7700EF4596 /* HomeView.swift */,
				977EE5C92F5EAD7400EF4596 /* Constants.swift */,
				977EE5CD2F5EB4B400EF4596 /* HorizontalListView.swift */,
				97041C442F5EA424004129F7 /* Assets.xcassets */,
				97041C462F5EA424004129F7 /* Preview Content */,
				976319F52F60021800BB7CF2 /* ViewModel.swift */,
			);
			path = SwiftMovieBrowser;
			sourceTree = "<group>";
		};
		97041C462F5EA424004129F7 /* Preview Content */ = {
			isa = PBXGroup;
			children = (
				97041C472F5EA424004129F7 /* Preview Assets.xcassets */,
			);
			path = "Preview Content";
			sourceTree = "<group>";
		};
		97041C502F5EA424004129F7 /* SwiftMovieBrowserTests */ = {
			isa = PBXGroup;
			children = (
				97041C512F5EA424004129F7 /* SwiftMovieBrowserTests.swift */,
			);
			path = SwiftMovieBrowserTests;
			sourceTree = "<group>";
		};
		97041C5A2F5EA424004129F7 /* SwiftMovieBrowserUITests */ = {
			isa = PBXGroup;
			children = (
				97041C5B2F5EA424004129F7 /* SwiftMovieBrowserUITests.swift */,
				97041C5D2F5EA424004129F7 /* SwiftMovieBrowserUITestsLaunchTests.swift */,
			);
			path = SwiftMovieBrowserUITests;
			sourceTree = "<group>";
		};
/* End PBXGroup section */

/* Begin PBXNativeTarget section */
		97041C3C2F5EA422004129F7 /* SwiftMovieBrowser */ = {
			isa = PBXNativeTarget;
			buildConfigurationList = 97041C612F5EA424004129F7 /* Build configuration list for PBXNativeTarget "SwiftMovieBrowser" */;
			buildPhases = (
				97041C392F5EA422004129F7 /* Sources */,
				97041C3A2F5EA422004129F7 /* Frameworks */,
				97041C3B2F5EA422004129F7 /* Resources */,
			);
			buildRules = (
			);
			dependencies = (
			);
			name = SwiftMovieBrowser;
			productName = SwiftMovieBrowser;
			productReference = 97041C3D2F5EA422004129F7 /* SwiftMovieBrowser.app */;
			productType = "com.apple.product-type.application";
		};
		97041C4C2F5EA424004129F7 /* SwiftMovieBrowserTests */ = {
			isa = PBXNativeTarget;
			buildConfigurationList = 97041C642F5EA424004129F7 /* Build configuration list for PBXNativeTarget "SwiftMovieBrowserTests" */;
			buildPhases = (
				97041C492F5EA424004129F7 /* Sources */,
				97041C4A2F5EA424004129F7 /* Frameworks */,
				97041C4B2F5EA424004129F7 /* Resources */,
			);
			buildRules = (
			);
			dependencies = (
				97041C4F2F5EA424004129F7 /* PBXTargetDependency */,
			);
			name = SwiftMovieBrowserTests;
			productName = SwiftMovieBrowserTests;
			productReference = 97041C4D2F5EA424004129F7 /* SwiftMovieBrowserTests.xctest */;
			productType = "com.apple.product-type.bundle.unit-test";
		};
		97041C562F5EA424004129F7 /* SwiftMovieBrowserUITests */ = {
			isa = PBXNativeTarget;
			buildConfigurationList = 97041C672F5EA424004129F7 /* Build configuration list for PBXNativeTarget "SwiftMovieBrowserUITests" */;
			buildPhases = (
				97041C532F5EA424004129F7 /* Sources */,
				97041C542F5EA424004129F7 /* Frameworks */,
				97041C552F5EA424004129F7 /* Resources */,
			);
			buildRules = (
			);
			dependencies = (
				97041C592F5EA424004129F7 /* PBXTargetDependency */,
			);
			name = SwiftMovieBrowserUITests;
			productName = SwiftMovieBrowserUITests;
			productReference = 97041C572F5EA424004129F7 /* SwiftMovieBrowserUITests.xctest */;
			productType = "com.apple.product-type.bundle.ui-testing";
		};
/* End PBXNativeTarget section */

/* Begin PBXProject section */
		97041C352F5EA422004129F7 /* Project object */ = {
			isa = PBXProject;
			attributes = {
				BuildIndependentTargetsInParallel = 1;
				LastSwiftUpdateCheck = 1420;
				LastUpgradeCheck = 1420;
				TargetAttributes = {
					97041C3C2F5EA422004129F7 = {
						CreatedOnToolsVersion = 14.2;
					};
					97041C4C2F5EA424004129F7 = {
						CreatedOnToolsVersion = 14.2;
						TestTargetID = 97041C3C2F5EA422004129F7;
					};
					97041C562F5EA424004129F7 = {
						CreatedOnToolsVersion = 14.2;
						TestTargetID = 97041C3C2F5EA422004129F7;
					};
				};
			};
			buildConfigurationList = 97041C382F5EA422004129F7 /* Build configuration list for PBXProject "SwiftMovieBrowser" */;
			compatibilityVersion = "Xcode 14.0";
			developmentRegion = en;
			hasScannedForEncodings = 0;
			knownRegions = (
				en,
				Base,
			);
			mainGroup = 97041C342F5EA422004129F7;
			productRefGroup = 97041C3E2F5EA422004129F7 /* Products */;
			projectDirPath = "";
			projectRoot = "";
			targets = (
				97041C3C2F5EA422004129F7 /* SwiftMovieBrowser */,
				97041C4C2F5EA424004129F7 /* SwiftMovieBrowserTests */,
				97041C562F5EA424004129F7 /* SwiftMovieBrowserUITests */,
			);
		};
/* End PBXProject section */

/* Begin PBXResourcesBuildPhase section */
		97041C3B2F5EA422004129F7 /* Resources */ = {
			isa = PBXResourcesBuildPhase;
			buildActionMask = 2147483647;
			files = (
				97041C482F5EA424004129F7 /* Preview Assets.xcassets in Resources */,
				97041C452F5EA424004129F7 /* Assets.xcassets in Resources */,
				97DAE87E2F5FF6660027D9C3 /* APIConfig.json in Resources */,
			);
			runOnlyForDeploymentPostprocessing = 0;
		};
		97041C4B2F5EA424004129F7 /* Resources */ = {
			isa = PBXResourcesBuildPhase;
			buildActionMask = 2147483647;
			files = (
			);
			runOnlyForDeploymentPostprocessing = 0;
		};
		97041C552F5EA424004129F7 /* Resources */ = {
			isa = PBXResourcesBuildPhase;
			buildActionMask = 2147483647;
			files = (
			);
			runOnlyForDeploymentPostprocessing = 0;
		};
/* End PBXResourcesBuildPhase section */

/* Begin PBXSourcesBuildPhase section */
		97041C392F5EA422004129F7 /* Sources */ = {
			isa = PBXSourcesBuildPhase;
			buildActionMask = 2147483647;
			files = (
				976319F62F60021900BB7CF2 /* ViewModel.swift in Sources */,
				97041C432F5EA422004129F7 /* ContentView.swift in Sources */,
				977EE5CC2F5EAE7700EF4596 /* HomeView.swift in Sources */,
				97041C412F5EA422004129F7 /* SwiftMovieBrowserApp.swift in Sources */,
				977EE5CA2F5EAD7400EF4596 /* Constants.swift in Sources */,
				97DAE8822F5FFA140027D9C3 /* Errors.swift in Sources */,
				97DAE87C2F5FF4180027D9C3 /* Title.swift in Sources */,
				97DAE8842F5FFE890027D9C3 /* DataFetcher.swift in Sources */,
				977EE5CE2F5EB4B400EF4596 /* HorizontalListView.swift in Sources */,
				97DAE8802F5FF6E50027D9C3 /* APIConfig.swift in Sources */,
			);
			runOnlyForDeploymentPostprocessing = 0;
		};
		97041C492F5EA424004129F7 /* Sources */ = {
			isa = PBXSourcesBuildPhase;
			buildActionMask = 2147483647;
			files = (
				97041C522F5EA424004129F7 /* SwiftMovieBrowserTests.swift in Sources */,
			);
			runOnlyForDeploymentPostprocessing = 0;
		};
		97041C532F5EA424004129F7 /* Sources */ = {
			isa = PBXSourcesBuildPhase;
			buildActionMask = 2147483647;
			files = (
				97041C5E2F5EA424004129F7 /* SwiftMovieBrowserUITestsLaunchTests.swift in Sources */,
				97041C5C2F5EA424004129F7 /* SwiftMovieBrowserUITests.swift in Sources */,
			);
			runOnlyForDeploymentPostprocessing = 0;
		};
/* End PBXSourcesBuildPhase section */

/* Begin PBXTargetDependency section */
		97041C4F2F5EA424004129F7 /* PBXTargetDependency */ = {
			isa = PBXTargetDependency;
			target = 97041C3C2F5EA422004129F7 /* SwiftMovieBrowser */;
			targetProxy = 97041C4E2F5EA424004129F7 /* PBXContainerItemProxy */;
		};
		97041C592F5EA424004129F7 /* PBXTargetDependency */ = {
			isa = PBXTargetDependency;
			target = 97041C3C2F5EA422004129F7 /* SwiftMovieBrowser */;
			targetProxy = 97041C582F5EA424004129F7 /* PBXContainerItemProxy */;
		};
/* End PBXTargetDependency section */

/* Begin XCBuildConfiguration section */
		97041C5F2F5EA424004129F7 /* Debug */ = {
			isa = XCBuildConfiguration;
			buildSettings = {
				ALWAYS_SEARCH_USER_PATHS = NO;
				CLANG_ANALYZER_NONNULL = YES;
				CLANG_ANALYZER_NUMBER_OBJECT_CONVERSION = YES_AGGRESSIVE;
				CLANG_CXX_LANGUAGE_STANDARD = "gnu++20";
				CLANG_ENABLE_MODULES = YES;
				CLANG_ENABLE_OBJC_ARC = YES;
				CLANG_ENABLE_OBJC_WEAK = YES;
				CLANG_WARN_BLOCK_CAPTURE_AUTORELEASING = YES;
				CLANG_WARN_BOOL_CONVERSION = YES;
				CLANG_WARN_COMMA = YES;
				CLANG_WARN_CONSTANT_CONVERSION = YES;
				CLANG_WARN_DEPRECATED_OBJC_IMPLEMENTATIONS = YES;
				CLANG_WARN_DIRECT_OBJC_ISA_USAGE = YES_ERROR;
				CLANG_WARN_DOCUMENTATION_COMMENTS = YES;
				CLANG_WARN_EMPTY_BODY = YES;
				CLANG_WARN_ENUM_CONVERSION = YES;
				CLANG_WARN_INFINITE_RECURSION = YES;
				CLANG_WARN_INT_CONVERSION = YES;
				CLANG_WARN_NON_LITERAL_NULL_CONVERSION = YES;
				CLANG_WARN_OBJC_IMPLICIT_RETAIN_SELF = YES;
				CLANG_WARN_OBJC_LITERAL_CONVERSION = YES;
				CLANG_WARN_OBJC_ROOT_CLASS = YES_ERROR;
				CLANG_WARN_QUOTED_INCLUDE_IN_FRAMEWORK_HEADER = YES;
				CLANG_WARN_RANGE_LOOP_ANALYSIS = YES;
				CLANG_WARN_STRICT_PROTOTYPES = YES;
				CLANG_WARN_SUSPICIOUS_MOVE = YES;
				CLANG_WARN_UNGUARDED_AVAILABILITY = YES_AGGRESSIVE;
				CLANG_WARN_UNREACHABLE_CODE = YES;
				CLANG_WARN__DUPLICATE_METHOD_MATCH = YES;
				COPY_PHASE_STRIP = NO;
				DEBUG_INFORMATION_FORMAT = dwarf;
				ENABLE_STRICT_OBJC_MSGSEND = YES;
				ENABLE_TESTABILITY = YES;
				GCC_C_LANGUAGE_STANDARD = gnu11;
				GCC_DYNAMIC_NO_PIC = NO;
				GCC_NO_COMMON_BLOCKS = YES;
				GCC_OPTIMIZATION_LEVEL = 0;
				GCC_PREPROCESSOR_DEFINITIONS = (
					"DEBUG=1",
					"$(inherited)",
				);
				GCC_WARN_64_TO_32_BIT_CONVERSION = YES;
				GCC_WARN_ABOUT_RETURN_TYPE = YES_ERROR;
				GCC_WARN_UNDECLARED_SELECTOR = YES;
				GCC_WARN_UNINITIALIZED_AUTOS = YES_AGGRESSIVE;
				GCC_WARN_UNUSED_FUNCTION = YES;
				GCC_WARN_UNUSED_VARIABLE = YES;
				IPHONEOS_DEPLOYMENT_TARGET = 16.2;
				MTL_ENABLE_DEBUG_INFO = INCLUDE_SOURCE;
				MTL_FAST_MATH = YES;
				ONLY_ACTIVE_ARCH = YES;
				SDKROOT = iphoneos;
				SWIFT_ACTIVE_COMPILATION_CONDITIONS = DEBUG;
				SWIFT_OPTIMIZATION_LEVEL = "-Onone";
			};
			name = Debug;
		};
		97041C602F5EA424004129F7 /* Release */ = {
			isa = XCBuildConfiguration;
			buildSettings = {
				ALWAYS_SEARCH_USER_PATHS = NO;
				CLANG_ANALYZER_NONNULL = YES;
				CLANG_ANALYZER_NUMBER_OBJECT_CONVERSION = YES_AGGRESSIVE;
				CLANG_CXX_LANGUAGE_STANDARD = "gnu++20";
				CLANG_ENABLE_MODULES = YES;
				CLANG_ENABLE_OBJC_ARC = YES;
				CLANG_ENABLE_OBJC_WEAK = YES;
				CLANG_WARN_BLOCK_CAPTURE_AUTORELEASING = YES;
				CLANG_WARN_BOOL_CONVERSION = YES;
				CLANG_WARN_COMMA = YES;
				CLANG_WARN_CONSTANT_CONVERSION = YES;
				CLANG_WARN_DEPRECATED_OBJC_IMPLEMENTATIONS = YES;
				CLANG_WARN_DIRECT_OBJC_ISA_USAGE = YES_ERROR;
				CLANG_WARN_DOCUMENTATION_COMMENTS = YES;
				CLANG_WARN_EMPTY_BODY = YES;
				CLANG_WARN_ENUM_CONVERSION = YES;
				CLANG_WARN_INFINITE_RECURSION = YES;
				CLANG_WARN_INT_CONVERSION = YES;
				CLANG_WARN_NON_LITERAL_NULL_CONVERSION = YES;
				CLANG_WARN_OBJC_IMPLICIT_RETAIN_SELF = YES;
				CLANG_WARN_OBJC_LITERAL_CONVERSION = YES;
				CLANG_WARN_OBJC_ROOT_CLASS = YES_ERROR;
				CLANG_WARN_QUOTED_INCLUDE_IN_FRAMEWORK_HEADER = YES;
				CLANG_WARN_RANGE_LOOP_ANALYSIS = YES;
				CLANG_WARN_STRICT_PROTOTYPES = YES;
				CLANG_WARN_SUSPICIOUS_MOVE = YES;
				CLANG_WARN_UNGUARDED_AVAILABILITY = YES_AGGRESSIVE;
				CLANG_WARN_UNREACHABLE_CODE = YES;
				CLANG_WARN__DUPLICATE_METHOD_MATCH = YES;
				COPY_PHASE_STRIP = NO;
				DEBUG_INFORMATION_FORMAT = "dwarf-with-dsym";
				ENABLE_NS_ASSERTIONS = NO;
				ENABLE_STRICT_OBJC_MSGSEND = YES;
				GCC_C_LANGUAGE_STANDARD = gnu11;
				GCC_NO_COMMON_BLOCKS = YES;
				GCC_WARN_64_TO_32_BIT_CONVERSION = YES;
				GCC_WARN_ABOUT_RETURN_TYPE = YES_ERROR;
				GCC_WARN_UNDECLARED_SELECTOR = YES;
				GCC_WARN_UNINITIALIZED_AUTOS = YES_AGGRESSIVE;
				GCC_WARN_UNUSED_FUNCTION = YES;
				GCC_WARN_UNUSED_VARIABLE = YES;
				IPHONEOS_DEPLOYMENT_TARGET = 16.2;
				MTL_ENABLE_DEBUG_INFO = NO;
				MTL_FAST_MATH = YES;
				SDKROOT = iphoneos;
				SWIFT_COMPILATION_MODE = wholemodule;
				SWIFT_OPTIMIZATION_LEVEL = "-O";
				VALIDATE_PRODUCT = YES;
			};
			name = Release;
		};
		97041C622F5EA424004129F7 /* Debug */ = {
			isa = XCBuildConfiguration;
			buildSettings = {
				ASSETCATALOG_COMPILER_APPICON_NAME = AppIcon;
				ASSETCATALOG_COMPILER_GLOBAL_ACCENT_COLOR_NAME = AccentColor;
				CODE_SIGN_STYLE = Automatic;
				CURRENT_PROJECT_VERSION = 1;
				DEVELOPMENT_ASSET_PATHS = "\"SwiftMovieBrowser/Preview Content\"";
				ENABLE_PREVIEWS = YES;
				GENERATE_INFOPLIST_FILE = YES;
				INFOPLIST_KEY_UIApplicationSceneManifest_Generation = YES;
				INFOPLIST_KEY_UIApplicationSupportsIndirectInputEvents = YES;
				INFOPLIST_KEY_UILaunchScreen_Generation = YES;
				INFOPLIST_KEY_UISupportedInterfaceOrientations_iPad = "UIInterfaceOrientationPortrait UIInterfaceOrientationPortraitUpsideDown UIInterfaceOrientationLandscapeLeft UIInterfaceOrientationLandscapeRight";
				INFOPLIST_KEY_UISupportedInterfaceOrientations_iPhone = "UIInterfaceOrientationPortrait UIInterfaceOrientationLandscapeLeft UIInterfaceOrientationLandscapeRight";
				LD_RUNPATH_SEARCH_PATHS = (
					"$(inherited)",
					"@executable_path/Frameworks",
				);
				MARKETING_VERSION = 1.0;
				PRODUCT_BUNDLE_IDENTIFIER = com.GlensGames.SwiftMovieBrowser;
				PRODUCT_NAME = "$(TARGET_NAME)";
				SWIFT_EMIT_LOC_STRINGS = YES;
				SWIFT_VERSION = 5.0;
				TARGETED_DEVICE_FAMILY = "1,2";
			};
			name = Debug;
		};
		97041C632F5EA424004129F7 /* Release */ = {
			isa = XCBuildConfiguration;
			buildSettings = {
				ASSETCATALOG_COMPILER_APPICON_NAME = AppIcon;
				ASSETCATALOG_COMPILER_GLOBAL_ACCENT_COLOR_NAME = AccentColor;
				CODE_SIGN_STYLE = Automatic;
				CURRENT_PROJECT_VERSION = 1;
				DEVELOPMENT_ASSET_PATHS = "\"SwiftMovieBrowser/Preview Content\"";
				ENABLE_PREVIEWS = YES;
				GENERATE_INFOPLIST_FILE = YES;
				INFOPLIST_KEY_UIApplicationSceneManifest_Generation = YES;
				INFOPLIST_KEY_UIApplicationSupportsIndirectInputEvents = YES;
				INFOPLIST_KEY_UILaunchScreen_Generation = YES;
				INFOPLIST_KEY_UISupportedInterfaceOrientations_iPad = "UIInterfaceOrientationPortrait UIInterfaceOrientationPortraitUpsideDown UIInterfaceOrientationLandscapeLeft UIInterfaceOrientationLandscapeRight";
				INFOPLIST_KEY_UISupportedInterfaceOrientations_iPhone = "UIInterfaceOrientationPortrait UIInterfaceOrientationLandscapeLeft UIInterfaceOrientationLandscapeRight";
				LD_RUNPATH_SEARCH_PATHS = (
					"$(inherited)",
					"@executable_path/Frameworks",
				);
				MARKETING_VERSION = 1.0;
				PRODUCT_BUNDLE_IDENTIFIER = com.GlensGames.SwiftMovieBrowser;
				PRODUCT_NAME = "$(TARGET_NAME)";
				SWIFT_EMIT_LOC_STRINGS = YES;
				SWIFT_VERSION = 5.0;
				TARGETED_DEVICE_FAMILY = "1,2";
			};
			name = Release;
		};
		97041C652F5EA424004129F7 /* Debug */ = {
			isa = XCBuildConfiguration;
			buildSettings = {
				ALWAYS_EMBED_SWIFT_STANDARD_LIBRARIES = YES;
				BUNDLE_LOADER = "$(TEST_HOST)";
				CODE_SIGN_STYLE = Automatic;
				CURRENT_PROJECT_VERSION = 1;
				GENERATE_INFOPLIST_FILE = YES;
				IPHONEOS_DEPLOYMENT_TARGET = 16.2;
				MARKETING_VERSION = 1.0;
				PRODUCT_BUNDLE_IDENTIFIER = com.GlensGames.SwiftMovieBrowserTests;
				PRODUCT_NAME = "$(TARGET_NAME)";
				SWIFT_EMIT_LOC_STRINGS = NO;
				SWIFT_VERSION = 5.0;
				TARGETED_DEVICE_FAMILY = "1,2";
				TEST_HOST = "$(BUILT_PRODUCTS_DIR)/SwiftMovieBrowser.app/$(BUNDLE_EXECUTABLE_FOLDER_PATH)/SwiftMovieBrowser";
			};
			name = Debug;
		};
		97041C662F5EA424004129F7 /* Release */ = {
			isa = XCBuildConfiguration;
			buildSettings = {
				ALWAYS_EMBED_SWIFT_STANDARD_LIBRARIES = YES;
				BUNDLE_LOADER = "$(TEST_HOST)";
				CODE_SIGN_STYLE = Automatic;
				CURRENT_PROJECT_VERSION = 1;
				GENERATE_INFOPLIST_FILE = YES;
				IPHONEOS_DEPLOYMENT_TARGET = 16.2;
				MARKETING_VERSION = 1.0;
				PRODUCT_BUNDLE_IDENTIFIER = com.GlensGames.SwiftMovieBrowserTests;
				PRODUCT_NAME = "$(TARGET_NAME)";
				SWIFT_EMIT_LOC_STRINGS = NO;
				SWIFT_VERSION = 5.0;
				TARGETED_DEVICE_FAMILY = "1,2";
				TEST_HOST = "$(BUILT_PRODUCTS_DIR)/SwiftMovieBrowser.app/$(BUNDLE_EXECUTABLE_FOLDER_PATH)/SwiftMovieBrowser";
			};
			name = Release;
		};
		97041C682F5EA424004129F7 /* Debug */ = {
			isa = XCBuildConfiguration;
			buildSettings = {
				ALWAYS_EMBED_SWIFT_STANDARD_LIBRARIES = YES;
				CODE_SIGN_STYLE = Automatic;
				CURRENT_PROJECT_VERSION = 1;
				GENERATE_INFOPLIST_FILE = YES;
				MARKETING_VERSION = 1.0;
				PRODUCT_BUNDLE_IDENTIFIER = com.GlensGames.SwiftMovieBrowserUITests;
				PRODUCT_NAME = "$(TARGET_NAME)";
				SWIFT_EMIT_LOC_STRINGS = NO;
				SWIFT_VERSION = 5.0;
				TARGETED_DEVICE_FAMILY = "1,2";
				TEST_TARGET_NAME = SwiftMovieBrowser;
			};
			name = Debug;
		};
		97041C692F5EA424004129F7 /* Release */ = {
			isa = XCBuildConfiguration;
			buildSettings = {
				ALWAYS_EMBED_SWIFT_STANDARD_LIBRARIES = YES;
				CODE_SIGN_STYLE = Automatic;
				CURRENT_PROJECT_VERSION = 1;
				GENERATE_INFOPLIST_FILE = YES;
				MARKETING_VERSION = 1.0;
				PRODUCT_BUNDLE_IDENTIFIER = com.GlensGames.SwiftMovieBrowserUITests;
				PRODUCT_NAME = "$(TARGET_NAME)";
				SWIFT_EMIT_LOC_STRINGS = NO;
				SWIFT_VERSION = 5.0;
				TARGETED_DEVICE_FAMILY = "1,2";
				TEST_TARGET_NAME = SwiftMovieBrowser;
			};
			name = Release;
		};
/* End XCBuildConfiguration section */

/* Begin XCConfigurationList section */
		97041C382F5EA422004129F7 /* Build configuration list for PBXProject "SwiftMovieBrowser" */ = {
			isa = XCConfigurationList;
			buildConfigurations = (
				97041C5F2F5EA424004129F7 /* Debug */,
				97041C602F5EA424004129F7 /* Release */,
			);
			defaultConfigurationIsVisible = 0;
			defaultConfigurationName = Release;
		};
		97041C612F5EA424004129F7 /* Build configuration list for PBXNativeTarget "SwiftMovieBrowser" */ = {
			isa = XCConfigurationList;
			buildConfigurations = (
				97041C622F5EA424004129F7 /* Debug */,
				97041C632F5EA424004129F7 /* Release */,
			);
			defaultConfigurationIsVisible = 0;
			defaultConfigurationName = Release;
		};
		97041C642F5EA424004129F7 /* Build configuration list for PBXNativeTarget "SwiftMovieBrowserTests" */ = {
			isa = XCConfigurationList;
			buildConfigurations = (
				97041C652F5EA424004129F7 /* Debug */,
				97041C662F5EA424004129F7 /* Release */,
			);
			defaultConfigurationIsVisible = 0;
			defaultConfigurationName = Release;
		};
		97041C672F5EA424004129F7 /* Build configuration list for PBXNativeTarget "SwiftMovieBrowserUITests" */ = {
			isa = XCConfigurationList;
			buildConfigurations = (
				97041C682F5EA424004129F7 /* Debug */,
				97041C692F5EA424004129F7 /* Release */,
			);
			defaultConfigurationIsVisible = 0;
			defaultConfigurationName = Release;
		};
/* End XCConfigurationList section */
	};
	rootObject = 97041C352F5EA422004129F7 /* Project object */;
}
